
Microsoft Visual Studio Solution File, Format Version 12.00
# Visual Studio Version 16
VisualStudioVersion = 16.0.32002.261
MinimumVisualStudioVersion = 10.0.40219.1
Project("{FAE04EC0-301F-11D3-BF4B-00C04F79EFBC}") = "TelerivetExample", "TelerivetExample.csproj", "{C48E4A3A-6810-479C-8D5F-AA8253DEFB5A}"
EndProject
Project("{00D1A9C2-B5F0-4AF3-8072-F6C62B433612}") = "TelerivetExampleDB", "TelerivetExampleDB\TelerivetExampleDB.sqlproj", "{3133BFA1-1510-49C5-AFCF-B02ADCAB0B05}"
EndProject
Global
	GlobalSection(SolutionConfigurationPlatforms) = preSolution
		Debug|Any CPU = Debug|Any CPU
		Release|Any CPU = Release|Any CPU
	EndGlobalSection
	GlobalSection(ProjectConfigurationPlatforms) = postSolution
		{C48E4A3A-6810-479C-8D5F-AA8253DEFB5A}.Debug|Any CPU.ActiveCfg = Debug|Any CPU
		{C48E4A3A-6810-479C-8D5F-AA8253DEFB5A}.Debug|Any CPU.Build.0 = Debug|Any CPU
		{C48E4A3A-6810-479C-8D5F-AA8253DEFB5A}.Release|Any CPU.ActiveCfg = Release|Any CPU
		{C48E4A3A-6810-479C-8D5F-AA8253DEFB5A}.Release|Any CPU.Build.0 = Release|Any CPU
		{3133BFA1-1510-49C5-AFCF-B02ADCAB0B05}.Debug|Any CPU.ActiveCfg = Debug|Any CPU
		{3133BFA1-1510-49C5-AFCF-B02ADCAB0B05}.Debug|Any CPU.Build.0 = Debug|Any CPU
		{3133BFA1-1510-49C5-AFCF-B02ADCAB0B05}.Debug|Any CPU.Deploy.0 = Debug|Any CPU
		{3133BFA1-1510-49C5-AFCF-B02ADCAB0B05}.Release|Any CPU.ActiveCfg = Release|Any CPU
		{3133BFA1-1510-49C5-AFCF-B02ADCAB0B05}.Release|Any CPU.Build.0 = Release|Any CPU
		{3133BFA1-1510-49C5-AFCF-B02ADCAB0B05}.Release|Any CPU.Deploy.0 = Release|Any CPU
	EndGlobalSection
	GlobalSection(SolutionProperties) = preSolution
		HideSolutionNode = FALSE
	EndGlobalSection
	GlobalSection(ExtensibilityGlobals) = postSolution
		SolutionGuid = {CB0F4EB3-F5F9-4D6B-A4E7-869F77EAD011}
	EndGlobalSection
EndGlobal
